
Microsoft Visual Studio Solution File, Format Version 12.00
# Visual Studio Version 16
VisualStudioVersion = 16.0.31624.102
MinimumVisualStudioVersion = 10.0.40219.1
Project("{FAE04EC0-301F-11D3-BF4B-00C04F79EFBC}") = "DevOpsRazorPages", "DevOpsRazorPages\DevOpsRazorPages.csproj", "{52C855C5-A950-4CCD-BBDC-E526594C5F01}"
EndProject
Global
	GlobalSection(SolutionConfigurationPlatforms) = preSolution
		Debug|Any CPU = Debug|Any CPU
		Release|Any CPU = Release|Any CPU
	EndGlobalSection
	GlobalSection(ProjectConfigurationPlatforms) = postSolution
		{52C855C5-A950-4CCD-BBDC-E526594C5F01}.Debug|Any CPU.ActiveCfg = Debug|Any CPU
		{52C855C5-A950-4CCD-BBDC-E526594C5F01}.Debug|Any CPU.Build.0 = Debug|Any CPU
		{52C855C5-A950-4CCD-BBDC-E526594C5F01}.Release|Any CPU.ActiveCfg = Release|Any CPU
		{52C855C5-A950-4CCD-BBDC-E526594C5F01}.Release|Any CPU.Build.0 = Release|Any CPU
	EndGlobalSection
	GlobalSection(SolutionProperties) = preSolution
		HideSolutionNode = FALSE
	EndGlobalSection
	GlobalSection(ExtensibilityGlobals) = postSolution
		SolutionGuid = {881D595E-4A56-42C7-8C6D-1E2D68E1015D}
	EndGlobalSection
EndGlobal
